
Microsoft Visual Studio Solution File, Format Version 12.00
# Visual Studio 15
VisualStudioVersion = 15.0.27004.2005
MinimumVisualStudioVersion = 10.0.40219.1
Project("{FAE04EC0-301F-11D3-BF4B-00C04F79EFBC}") = "InstaDownloader", "InstaDownloader\InstaDownloader.csproj", "{BEC82945-C5A9-40C7-AFB2-D3DB38085AFE}"
EndProject
Project("{FAE04EC0-301F-11D3-BF4B-00C04F79EFBC}") = "InstaCore", "InstaDownloaderCore\InstaCore.csproj", "{B8E1379D-3B55-4BA8-8D88-59953D60B959}"
EndProject
Global
	GlobalSection(SolutionConfigurationPlatforms) = preSolution
		Debug|Any CPU = Debug|Any CPU
		Release|Any CPU = Release|Any CPU
	EndGlobalSection
	GlobalSection(ProjectConfigurationPlatforms) = postSolution
		{BEC82945-C5A9-40C7-AFB2-D3DB38085AFE}.Debug|Any CPU.ActiveCfg = Debug|Any CPU
		{BEC82945-C5A9-40C7-AFB2-D3DB38085AFE}.Debug|Any CPU.Build.0 = Debug|Any CPU
		{BEC82945-C5A9-40C7-AFB2-D3DB38085AFE}.Release|Any CPU.ActiveCfg = Release|Any CPU
		{BEC82945-C5A9-40C7-AFB2-D3DB38085AFE}.Release|Any CPU.Build.0 = Release|Any CPU
		{B8E1379D-3B55-4BA8-8D88-59953D60B959}.Debug|Any CPU.ActiveCfg = Debug|Any CPU
		{B8E1379D-3B55-4BA8-8D88-59953D60B959}.Debug|Any CPU.Build.0 = Debug|Any CPU
		{B8E1379D-3B55-4BA8-8D88-59953D60B959}.Release|Any CPU.ActiveCfg = Release|Any CPU
		{B8E1379D-3B55-4BA8-8D88-59953D60B959}.Release|Any CPU.Build.0 = Release|Any CPU
	EndGlobalSection
	GlobalSection(SolutionProperties) = preSolution
		HideSolutionNode = FALSE
	EndGlobalSection
	GlobalSection(ExtensibilityGlobals) = postSolution
		SolutionGuid = {4799C978-C506-4C42-916F-D18D23DEAB72}
	EndGlobalSection
EndGlobal
